
Microsoft Visual Studio Solution File, Format Version 12.00
# Visual Studio Version 16
VisualStudioVersion = 16.0.29318.209
MinimumVisualStudioVersion = 10.0.40219.1
Project("{2150E333-8FDC-42A3-9474-1A3956D46DE8}") = "src", "src", "{99990BA2-334E-41E7-801B-8F200C8B16FB}"
EndProject
Project("{9A19103F-16F7-4668-BE54-9A1E7A4F7556}") = "MikeRosoft", "MikeRosoft\MikeRosoft.csproj", "{75D6EE77-4126-4219-80B8-EC07BE6B2CA9}"
EndProject
Project("{9A19103F-16F7-4668-BE54-9A1E7A4F7556}") = "Design", "Design\Design.csproj", "{BB6B77F8-E442-468B-B315-E4EA5E7B03A7}"
EndProject
Global
	GlobalSection(SolutionConfigurationPlatforms) = preSolution
		Debug|Any CPU = Debug|Any CPU
		Release|Any CPU = Release|Any CPU
	EndGlobalSection
	GlobalSection(ProjectConfigurationPlatforms) = postSolution
		{75D6EE77-4126-4219-80B8-EC07BE6B2CA9}.Debug|Any CPU.ActiveCfg = Debug|Any CPU
		{75D6EE77-4126-4219-80B8-EC07BE6B2CA9}.Debug|Any CPU.Build.0 = Debug|Any CPU
		{75D6EE77-4126-4219-80B8-EC07BE6B2CA9}.Release|Any CPU.ActiveCfg = Release|Any CPU
		{75D6EE77-4126-4219-80B8-EC07BE6B2CA9}.Release|Any CPU.Build.0 = Release|Any CPU
		{BB6B77F8-E442-468B-B315-E4EA5E7B03A7}.Debug|Any CPU.ActiveCfg = Debug|Any CPU
		{BB6B77F8-E442-468B-B315-E4EA5E7B03A7}.Debug|Any CPU.Build.0 = Debug|Any CPU
		{BB6B77F8-E442-468B-B315-E4EA5E7B03A7}.Release|Any CPU.ActiveCfg = Release|Any CPU
		{BB6B77F8-E442-468B-B315-E4EA5E7B03A7}.Release|Any CPU.Build.0 = Release|Any CPU
	EndGlobalSection
	GlobalSection(SolutionProperties) = preSolution
		HideSolutionNode = FALSE
	EndGlobalSection
	GlobalSection(NestedProjects) = preSolution
		{75D6EE77-4126-4219-80B8-EC07BE6B2CA9} = {99990BA2-334E-41E7-801B-8F200C8B16FB}
	EndGlobalSection
	GlobalSection(ExtensibilityGlobals) = postSolution
		SolutionGuid = {9DB6D1FF-732F-4D88-BCA8-C9E375BE483E}
	EndGlobalSection
EndGlobal
